<?xml version="1.0" encoding="utf-8"?>
<Project ToolsVersion="4.0" xmlns="http://schemas.microsoft.com/developer/msbuild/2003">
  <ItemGroup>
    <Filter Include="ソース ファイル">
      <UniqueIdentifier>{4FC737F1-C7A5-4376-A066-2A32D752A2FF}</UniqueIdentifier>
      <Extensions>cpp;c;cc;cxx;c++;cppm;ixx;def;odl;idl;hpj;bat;asm;asmx</Extensions>
    </Filter>
    <Filter Include="ヘッダー ファイル">
      <UniqueIdentifier>{93995380-89BD-4b04-88EB-625FBE52EBFB}</UniqueIdentifier>
      <Extensions>h;hh;hpp;hxx;h++;hm;inl;inc;ipp;xsd</Extensions>
    </Filter>
    <Filter Include="リソース ファイル">
      <UniqueIdentifier>{67DA6AB6-F800-4c08-8B7A-83BB121AAD01}</UniqueIdentifier>
      <Extensions>rc;ico;cur;bmp;dlg;rc2;rct;bin;rgs;gif;jpg;jpeg;jpe;resx;tiff;tif;png;wav;mfcribbon-ms</Extensions>
    </Filter>
    <Filter Include="ソース ファイル\duktape">
      <UniqueIdentifier>{b1d0f85b-69b7-4de4-930d-78b915767cad}</UniqueIdentifier>
    </Filter>
    <Filter Include="ソース ファイル\util">
      <UniqueIdentifier>{9adf0fa8-2231-4ee2-90d8-08b51050084e}</UniqueIdentifier>
    </Filter>
  </ItemGroup>
  <ItemGroup>
    <ClInclude Include="framework.h">
      <Filter>ヘッダー ファイル</Filter>
    </ClInclude>
    <ClInclude Include="pch.h">
      <Filter>ヘッダー ファイル</Filter>
    </ClInclude>
    <ClInclude Include="..\..\..\..\raia-file\src\raia_file.h">
      <Filter>ソース ファイル</Filter>
    </ClInclude>
    <ClInclude Include="..\..\..\..\raia-file\src\duktape\duk_config.h">
      <Filter>ソース ファイル\duktape</Filter>
    </ClInclude>
    <ClInclude Include="..\..\..\..\raia-file\src\duktape\duktape.h">
      <Filter>ソース ファイル\duktape</Filter>
    </ClInclude>
    <ClInclude Include="..\..\..\src\util\util_file.h">
      <Filter>ソース ファイル\util</Filter>
    </ClInclude>
    <ClInclude Include="..\..\..\src\util\util_path.h">
      <Filter>ソース ファイル\util</Filter>
    </ClInclude>
    <ClInclude Include="..\..\..\src\platform.h">
      <Filter>ソース ファイル</Filter>
    </ClInclude>
  </ItemGroup>
  <ItemGroup>
    <ClCompile Include="dllmain.cpp">
      <Filter>ソース ファイル</Filter>
    </ClCompile>
    <ClCompile Include="pch.cpp">
      <Filter>ソース ファイル</Filter>
    </ClCompile>
    <ClCompile Include="..\..\..\..\raia-file\src\raia_file.c">
      <Filter>ソース ファイル</Filter>
    </ClCompile>
    <ClCompile Include="..\..\..\..\raia-file\src\duktape\duktape.c">
      <Filter>ソース ファイル\duktape</Filter>
    </ClCompile>
    <ClCompile Include="..\..\..\src\util\util_file.c">
      <Filter>ソース ファイル\util</Filter>
    </ClCompile>
    <ClCompile Include="..\..\..\src\util\util_path.c">
      <Filter>ソース ファイル\util</Filter>
    </ClCompile>
  </ItemGroup>
  <ItemGroup>
    <None Include="..\..\..\..\raia-file\src\duktape\duk_source_meta.json">
      <Filter>ソース ファイル\duktape</Filter>
    </None>
  </ItemGroup>
</Project>