<?xml version="1.0" encoding="utf-8"?>
<Project ToolsVersion="4.0" xmlns="http://schemas.microsoft.com/developer/msbuild/2003">
  <ItemGroup>
    <Filter Include="ソース ファイル">
      <UniqueIdentifier>{4FC737F1-C7A5-4376-A066-2A32D752A2FF}</UniqueIdentifier>
      <Extensions>cpp;c;cc;cxx;c++;cppm;ixx;def;odl;idl;hpj;bat;asm;asmx</Extensions>
    </Filter>
    <Filter Include="ヘッダー ファイル">
      <UniqueIdentifier>{93995380-89BD-4b04-88EB-625FBE52EBFB}</UniqueIdentifier>
      <Extensions>h;hh;hpp;hxx;h++;hm;inl;inc;ipp;xsd</Extensions>
    </Filter>
    <Filter Include="リソース ファイル">
      <UniqueIdentifier>{67DA6AB6-F800-4c08-8B7A-83BB121AAD01}</UniqueIdentifier>
      <Extensions>rc;ico;cur;bmp;dlg;rc2;rct;bin;rgs;gif;jpg;jpeg;jpe;resx;tiff;tif;png;wav;mfcribbon-ms</Extensions>
    </Filter>
    <Filter Include="ソース ファイル\util">
      <UniqueIdentifier>{e7b9f401-a563-4cfa-b9a0-f1b63c8acc8d}</UniqueIdentifier>
    </Filter>
    <Filter Include="ソース ファイル\duktape">
      <UniqueIdentifier>{76cc6794-b2fb-49c1-a195-fd104b25777e}</UniqueIdentifier>
    </Filter>
    <Filter Include="ソース ファイル\duktape-module">
      <UniqueIdentifier>{3c630f25-044d-42ad-847c-7cc31fb15091}</UniqueIdentifier>
    </Filter>
    <Filter Include="ソース ファイル\list">
      <UniqueIdentifier>{1ef7b5ef-e0d6-4636-a5f5-c3ca821685d4}</UniqueIdentifier>
    </Filter>
    <Filter Include="ソース ファイル\meta">
      <UniqueIdentifier>{a1977e45-dc8a-495e-9c54-3c64fe8814f9}</UniqueIdentifier>
    </Filter>
    <Filter Include="ソース ファイル\static">
      <UniqueIdentifier>{af5dab4a-412f-48f1-ab48-fe9abbaf6636}</UniqueIdentifier>
    </Filter>
    <Filter Include="ソース ファイル\whereami">
      <UniqueIdentifier>{613218bd-db3a-481f-8749-3db8613a4666}</UniqueIdentifier>
    </Filter>
    <Filter Include="ソース ファイル\wrapper">
      <UniqueIdentifier>{6b3024e4-e614-4ec3-8a36-125cd5cac705}</UniqueIdentifier>
    </Filter>
    <Filter Include="ソース ファイル\parson">
      <UniqueIdentifier>{4250f181-d6ff-4a5c-8946-01f2dfe923b6}</UniqueIdentifier>
    </Filter>
  </ItemGroup>
  <ItemGroup>
    <ClCompile Include="..\..\src\raia-core.c">
      <Filter>ソース ファイル</Filter>
    </ClCompile>
    <ClCompile Include="..\..\src\duktape-module\duk_module_duktape.c">
      <Filter>ソース ファイル\duktape-module</Filter>
    </ClCompile>
    <ClCompile Include="..\..\src\duktape\duktape.c">
      <Filter>ソース ファイル\duktape</Filter>
    </ClCompile>
    <ClCompile Include="..\..\src\list\list.c">
      <Filter>ソース ファイル\list</Filter>
    </ClCompile>
    <ClCompile Include="..\..\src\list\list_iterator.c">
      <Filter>ソース ファイル\list</Filter>
    </ClCompile>
    <ClCompile Include="..\..\src\list\list_node.c">
      <Filter>ソース ファイル\list</Filter>
    </ClCompile>
    <ClCompile Include="..\..\src\static\static_arg.c">
      <Filter>ソース ファイル\static</Filter>
    </ClCompile>
    <ClCompile Include="..\..\src\static\static_plugin_loader.c">
      <Filter>ソース ファイル\static</Filter>
    </ClCompile>
    <ClCompile Include="..\..\src\util\util_string.c">
      <Filter>ソース ファイル\util</Filter>
    </ClCompile>
    <ClCompile Include="..\..\src\whereami\whereami.c">
      <Filter>ソース ファイル\whereami</Filter>
    </ClCompile>
    <ClCompile Include="..\..\src\wrapper\wrapper_whereami.c">
      <Filter>ソース ファイル\wrapper</Filter>
    </ClCompile>
    <ClCompile Include="..\..\src\util\util_file.c">
      <Filter>ソース ファイル\util</Filter>
    </ClCompile>
    <ClCompile Include="..\..\src\parson\parson.c">
      <Filter>ソース ファイル\parson</Filter>
    </ClCompile>
  </ItemGroup>
  <ItemGroup>
    <ClInclude Include="..\..\src\raia-core.h">
      <Filter>ソース ファイル</Filter>
    </ClInclude>
    <ClInclude Include="..\..\src\duktape\duk_config.h">
      <Filter>ソース ファイル\duktape</Filter>
    </ClInclude>
    <ClInclude Include="..\..\src\duktape-module\duk_module_duktape.h">
      <Filter>ソース ファイル\duktape-module</Filter>
    </ClInclude>
    <ClInclude Include="..\..\src\duktape\duktape.h">
      <Filter>ソース ファイル\duktape</Filter>
    </ClInclude>
    <ClInclude Include="..\..\src\list\list.h">
      <Filter>ソース ファイル\list</Filter>
    </ClInclude>
    <ClInclude Include="..\..\src\meta\platform.h">
      <Filter>ソース ファイル\meta</Filter>
    </ClInclude>
    <ClInclude Include="..\..\src\static\static_arg.h">
      <Filter>ソース ファイル\static</Filter>
    </ClInclude>
    <ClInclude Include="..\..\src\static\static_plugin_loader.h">
      <Filter>ソース ファイル\static</Filter>
    </ClInclude>
    <ClInclude Include="..\..\src\meta\version.h">
      <Filter>ソース ファイル\meta</Filter>
    </ClInclude>
    <ClInclude Include="..\..\src\util\util_string.h">
      <Filter>ソース ファイル\util</Filter>
    </ClInclude>
    <ClInclude Include="..\..\src\whereami\whereami.h">
      <Filter>ソース ファイル\whereami</Filter>
    </ClInclude>
    <ClInclude Include="..\..\src\wrapper\wrapper_whereami.h">
      <Filter>ソース ファイル\wrapper</Filter>
    </ClInclude>
    <ClInclude Include="..\..\src\util\util_file.h">
      <Filter>ソース ファイル\util</Filter>
    </ClInclude>
    <ClInclude Include="..\..\src\parson\parson.h">
      <Filter>ソース ファイル\parson</Filter>
    </ClInclude>
  </ItemGroup>
</Project>