<?xml version="1.0" encoding="utf-8"?>
<Project ToolsVersion="4.0" xmlns="http://schemas.microsoft.com/developer/msbuild/2003">
  <ItemGroup>
    <Filter Include="ソース ファイル">
      <UniqueIdentifier>{4FC737F1-C7A5-4376-A066-2A32D752A2FF}</UniqueIdentifier>
      <Extensions>cpp;c;cc;cxx;c++;cppm;ixx;def;odl;idl;hpj;bat;asm;asmx</Extensions>
    </Filter>
    <Filter Include="ヘッダー ファイル">
      <UniqueIdentifier>{93995380-89BD-4b04-88EB-625FBE52EBFB}</UniqueIdentifier>
      <Extensions>h;hh;hpp;hxx;h++;hm;inl;inc;ipp;xsd</Extensions>
    </Filter>
    <Filter Include="リソース ファイル">
      <UniqueIdentifier>{67DA6AB6-F800-4c08-8B7A-83BB121AAD01}</UniqueIdentifier>
      <Extensions>rc;ico;cur;bmp;dlg;rc2;rct;bin;rgs;gif;jpg;jpeg;jpe;resx;tiff;tif;png;wav;mfcribbon-ms</Extensions>
    </Filter>
    <Filter Include="ソース ファイル\duktape">
      <UniqueIdentifier>{611e53c9-282a-4eff-a8de-d0b6e09e3dba}</UniqueIdentifier>
    </Filter>
    <Filter Include="ソース ファイル\stb">
      <UniqueIdentifier>{7e45bb98-7f82-4d2a-85d1-048af7772fd5}</UniqueIdentifier>
    </Filter>
    <Filter Include="ソース ファイル\util">
      <UniqueIdentifier>{2d55a2bc-f629-4f51-9efa-89c03b061c96}</UniqueIdentifier>
    </Filter>
    <Filter Include="ソース ファイル\wrapper">
      <UniqueIdentifier>{fa73c652-7a27-4eb1-b447-a5f0380ecf71}</UniqueIdentifier>
    </Filter>
    <Filter Include="ソース ファイル\lodepng">
      <UniqueIdentifier>{e18063c7-c8f8-4954-99bb-0a4511eab33f}</UniqueIdentifier>
    </Filter>
  </ItemGroup>
  <ItemGroup>
    <ClInclude Include="framework.h">
      <Filter>ヘッダー ファイル</Filter>
    </ClInclude>
    <ClInclude Include="pch.h">
      <Filter>ヘッダー ファイル</Filter>
    </ClInclude>
    <ClInclude Include="..\..\..\src\platforms.h">
      <Filter>ソース ファイル</Filter>
    </ClInclude>
    <ClInclude Include="..\..\..\src\raia_draw.h">
      <Filter>ソース ファイル</Filter>
    </ClInclude>
    <ClInclude Include="..\..\..\src\duktape\duk_config.h">
      <Filter>ソース ファイル\duktape</Filter>
    </ClInclude>
    <ClInclude Include="..\..\..\src\duktape\duktape.h">
      <Filter>ソース ファイル\duktape</Filter>
    </ClInclude>
    <ClInclude Include="..\..\..\src\stb\stb.h">
      <Filter>ソース ファイル\stb</Filter>
    </ClInclude>
    <ClInclude Include="..\..\..\src\stb\stb_image.h">
      <Filter>ソース ファイル\stb</Filter>
    </ClInclude>
    <ClInclude Include="..\..\..\src\stb\stb_image_resize.h">
      <Filter>ソース ファイル\stb</Filter>
    </ClInclude>
    <ClInclude Include="..\..\..\src\stb\stb_image_write.h">
      <Filter>ソース ファイル\stb</Filter>
    </ClInclude>
    <ClInclude Include="..\..\..\src\util\util_math.h">
      <Filter>ソース ファイル\util</Filter>
    </ClInclude>
    <ClInclude Include="..\..\..\src\util\util_pixel.h">
      <Filter>ソース ファイル\util</Filter>
    </ClInclude>
    <ClInclude Include="..\..\..\src\wrapper\wrapper_stb_image.h">
      <Filter>ソース ファイル\wrapper</Filter>
    </ClInclude>
    <ClInclude Include="..\..\..\src\lodepng\lodepng.h">
      <Filter>ソース ファイル\lodepng</Filter>
    </ClInclude>
    <ClInclude Include="..\..\..\src\stb\stb_truetype.h">
      <Filter>ソース ファイル\stb</Filter>
    </ClInclude>
    <ClInclude Include="..\..\..\src\util\util_primitive3d.h">
      <Filter>ソース ファイル\util</Filter>
    </ClInclude>
    <ClInclude Include="..\..\..\src\util\util_utf8.h">
      <Filter>ソース ファイル\util</Filter>
    </ClInclude>
    <ClInclude Include="..\..\..\src\wrapper\wrapper_stb_truetype.h">
      <Filter>ソース ファイル\wrapper</Filter>
    </ClInclude>
  </ItemGroup>
  <ItemGroup>
    <ClCompile Include="dllmain.cpp">
      <Filter>ソース ファイル</Filter>
    </ClCompile>
    <ClCompile Include="pch.cpp">
      <Filter>ソース ファイル</Filter>
    </ClCompile>
    <ClCompile Include="..\..\..\src\raia_draw.c">
      <Filter>ソース ファイル</Filter>
    </ClCompile>
    <ClCompile Include="..\..\..\src\stb\stb_image.c">
      <Filter>ソース ファイル\stb</Filter>
    </ClCompile>
    <ClCompile Include="..\..\..\src\util\util_math.c">
      <Filter>ソース ファイル\util</Filter>
    </ClCompile>
    <ClCompile Include="..\..\..\src\util\util_pixel.c">
      <Filter>ソース ファイル\util</Filter>
    </ClCompile>
    <ClCompile Include="..\..\..\src\wrapper\wrapper_stb_image.c">
      <Filter>ソース ファイル\wrapper</Filter>
    </ClCompile>
    <ClCompile Include="..\..\..\src\duktape\duktape.c">
      <Filter>ソース ファイル\duktape</Filter>
    </ClCompile>
    <ClCompile Include="..\..\..\src\lodepng\lodepng.c">
      <Filter>ソース ファイル\lodepng</Filter>
    </ClCompile>
    <ClCompile Include="..\..\..\src\util\util_primitive3d.c">
      <Filter>ソース ファイル\util</Filter>
    </ClCompile>
    <ClCompile Include="..\..\..\src\util\util_utf8.c">
      <Filter>ソース ファイル\util</Filter>
    </ClCompile>
    <ClCompile Include="..\..\..\src\wrapper\wrapper_stb_truetype.c">
      <Filter>ソース ファイル\wrapper</Filter>
    </ClCompile>
  </ItemGroup>
  <ItemGroup>
    <None Include="..\..\..\src\duktape\duk_source_meta.json">
      <Filter>ソース ファイル\duktape</Filter>
    </None>
  </ItemGroup>
</Project>