// !$*UTF8*$!
{
	archiveVersion = 1;
	classes = {
	};
	objectVersion = 55;
	objects = {

/* Begin PBXBuildFile section */
		8B03C63E28C73ED000CAF418 /* raia-engine.c in Sources */ = {isa = PBXBuildFile; fileRef = 8B03C63D28C73ED000CAF418 /* raia-engine.c */; };
		8B03C64028C7413F00CAF418 /* libglfw.3.3.dylib in Frameworks */ = {isa = PBXBuildFile; fileRef = 8B03C63F28C7413F00CAF418 /* libglfw.3.3.dylib */; };
		8B03C64528C7415E00CAF418 /* duktape.c in Sources */ = {isa = PBXBuildFile; fileRef = 8B03C64228C7415E00CAF418 /* duktape.c */; };
		8B41BD2628C7844300EC9E86 /* libopenal.1.22.2.dylib in Frameworks */ = {isa = PBXBuildFile; fileRef = 8B41BD2528C7844300EC9E86 /* libopenal.1.22.2.dylib */; };
/* End PBXBuildFile section */

/* Begin PBXCopyFilesBuildPhase section */
		8B6D9C9228C73E2F004D6A6C /* CopyFiles */ = {
			isa = PBXCopyFilesBuildPhase;
			buildActionMask = 2147483647;
			dstPath = /usr/share/man/man1/;
			dstSubfolderSpec = 0;
			files = (
			);
			runOnlyForDeploymentPostprocessing = 1;
		};
/* End PBXCopyFilesBuildPhase section */

/* Begin PBXFileReference section */
		8B03C63D28C73ED000CAF418 /* raia-engine.c */ = {isa = PBXFileReference; fileEncoding = 4; lastKnownFileType = sourcecode.c.c; name = "raia-engine.c"; path = "src/raia-engine.c"; sourceTree = "<group>"; };
		8B03C63F28C7413F00CAF418 /* libglfw.3.3.dylib */ = {isa = PBXFileReference; lastKnownFileType = "compiled.mach-o.dylib"; name = libglfw.3.3.dylib; path = lib/libglfw.3.3.dylib; sourceTree = "<group>"; };
		8B03C64128C7415E00CAF418 /* duk_source_meta.json */ = {isa = PBXFileReference; fileEncoding = 4; lastKnownFileType = text.json; name = duk_source_meta.json; path = include/duktape/duk_source_meta.json; sourceTree = "<group>"; };
		8B03C64228C7415E00CAF418 /* duktape.c */ = {isa = PBXFileReference; fileEncoding = 4; lastKnownFileType = sourcecode.c.c; name = duktape.c; path = include/duktape/duktape.c; sourceTree = "<group>"; };
		8B03C64328C7415E00CAF418 /* duktape.h */ = {isa = PBXFileReference; fileEncoding = 4; lastKnownFileType = sourcecode.c.h; name = duktape.h; path = include/duktape/duktape.h; sourceTree = "<group>"; };
		8B03C64428C7415E00CAF418 /* duk_config.h */ = {isa = PBXFileReference; fileEncoding = 4; lastKnownFileType = sourcecode.c.h; name = duk_config.h; path = include/duktape/duk_config.h; sourceTree = "<group>"; };
		8B41BD2528C7844300EC9E86 /* libopenal.1.22.2.dylib */ = {isa = PBXFileReference; lastKnownFileType = "compiled.mach-o.dylib"; name = libopenal.1.22.2.dylib; path = lib/libopenal.1.22.2.dylib; sourceTree = "<group>"; };
		8B6D9C9428C73E2F004D6A6C /* raia-engine */ = {isa = PBXFileReference; explicitFileType = "compiled.mach-o.executable"; includeInIndex = 0; path = "raia-engine"; sourceTree = BUILT_PRODUCTS_DIR; };
/* End PBXFileReference section */

/* Begin PBXFrameworksBuildPhase section */
		8B6D9C9128C73E2F004D6A6C /* Frameworks */ = {
			isa = PBXFrameworksBuildPhase;
			buildActionMask = 2147483647;
			files = (
				8B03C64028C7413F00CAF418 /* libglfw.3.3.dylib in Frameworks */,
				8B41BD2628C7844300EC9E86 /* libopenal.1.22.2.dylib in Frameworks */,
			);
			runOnlyForDeploymentPostprocessing = 0;
		};
/* End PBXFrameworksBuildPhase section */

/* Begin PBXGroup section */
		8B6D9C8B28C73E2F004D6A6C = {
			isa = PBXGroup;
			children = (
				8B6D9C9628C73E2F004D6A6C /* raia-engine */,
				8B6D9C9528C73E2F004D6A6C /* Products */,
			);
			sourceTree = "<group>";
		};
		8B6D9C9528C73E2F004D6A6C /* Products */ = {
			isa = PBXGroup;
			children = (
				8B6D9C9428C73E2F004D6A6C /* raia-engine */,
			);
			name = Products;
			sourceTree = "<group>";
		};
		8B6D9C9628C73E2F004D6A6C /* raia-engine */ = {
			isa = PBXGroup;
			children = (
				8B03C64428C7415E00CAF418 /* duk_config.h */,
				8B03C64128C7415E00CAF418 /* duk_source_meta.json */,
				8B03C64228C7415E00CAF418 /* duktape.c */,
				8B03C64328C7415E00CAF418 /* duktape.h */,
				8B03C63F28C7413F00CAF418 /* libglfw.3.3.dylib */,
				8B41BD2528C7844300EC9E86 /* libopenal.1.22.2.dylib */,
				8B03C63D28C73ED000CAF418 /* raia-engine.c */,
			);
			path = "raia-engine";
			sourceTree = "<group>";
		};
/* End PBXGroup section */

/* Begin PBXNativeTarget section */
		8B6D9C9328C73E2F004D6A6C /* raia-engine */ = {
			isa = PBXNativeTarget;
			buildConfigurationList = 8B6D9C9B28C73E2F004D6A6C /* Build configuration list for PBXNativeTarget "raia-engine" */;
			buildPhases = (
				8B6D9C9028C73E2F004D6A6C /* Sources */,
				8B6D9C9128C73E2F004D6A6C /* Frameworks */,
				8B6D9C9228C73E2F004D6A6C /* CopyFiles */,
			);
			buildRules = (
			);
			dependencies = (
			);
			name = "raia-engine";
			productName = "raia-engine";
			productReference = 8B6D9C9428C73E2F004D6A6C /* raia-engine */;
			productType = "com.apple.product-type.tool";
		};
/* End PBXNativeTarget section */

/* Begin PBXProject section */
		8B6D9C8C28C73E2F004D6A6C /* Project object */ = {
			isa = PBXProject;
			attributes = {
				BuildIndependentTargetsInParallel = 1;
				LastUpgradeCheck = 1340;
				TargetAttributes = {
					8B6D9C9328C73E2F004D6A6C = {
						CreatedOnToolsVersion = 13.4.1;
					};
				};
			};
			buildConfigurationList = 8B6D9C8F28C73E2F004D6A6C /* Build configuration list for PBXProject "raia-engine" */;
			compatibilityVersion = "Xcode 13.0";
			developmentRegion = en;
			hasScannedForEncodings = 0;
			knownRegions = (
				en,
				Base,
			);
			mainGroup = 8B6D9C8B28C73E2F004D6A6C;
			productRefGroup = 8B6D9C9528C73E2F004D6A6C /* Products */;
			projectDirPath = "";
			projectRoot = "";
			targets = (
				8B6D9C9328C73E2F004D6A6C /* raia-engine */,
			);
		};
/* End PBXProject section */

/* Begin PBXSourcesBuildPhase section */
		8B6D9C9028C73E2F004D6A6C /* Sources */ = {
			isa = PBXSourcesBuildPhase;
			buildActionMask = 2147483647;
			files = (
				8B03C64528C7415E00CAF418 /* duktape.c in Sources */,
				8B03C63E28C73ED000CAF418 /* raia-engine.c in Sources */,
			);
			runOnlyForDeploymentPostprocessing = 0;
		};
/* End PBXSourcesBuildPhase section */

/* Begin XCBuildConfiguration section */
		8B6D9C9928C73E2F004D6A6C /* Debug */ = {
			isa = XCBuildConfiguration;
			buildSettings = {
				ALWAYS_SEARCH_USER_PATHS = NO;
				CLANG_ANALYZER_NONNULL = YES;
				CLANG_ANALYZER_NUMBER_OBJECT_CONVERSION = YES_AGGRESSIVE;
				CLANG_CXX_LANGUAGE_STANDARD = "gnu++17";
				CLANG_ENABLE_MODULES = YES;
				CLANG_ENABLE_OBJC_ARC = YES;
				CLANG_ENABLE_OBJC_WEAK = YES;
				CLANG_WARN_BLOCK_CAPTURE_AUTORELEASING = YES;
				CLANG_WARN_BOOL_CONVERSION = YES;
				CLANG_WARN_COMMA = YES;
				CLANG_WARN_CONSTANT_CONVERSION = YES;
				CLANG_WARN_DEPRECATED_OBJC_IMPLEMENTATIONS = YES;
				CLANG_WARN_DIRECT_OBJC_ISA_USAGE = YES_ERROR;
				CLANG_WARN_DOCUMENTATION_COMMENTS = YES;
				CLANG_WARN_EMPTY_BODY = YES;
				CLANG_WARN_ENUM_CONVERSION = YES;
				CLANG_WARN_INFINITE_RECURSION = YES;
				CLANG_WARN_INT_CONVERSION = YES;
				CLANG_WARN_NON_LITERAL_NULL_CONVERSION = YES;
				CLANG_WARN_OBJC_IMPLICIT_RETAIN_SELF = YES;
				CLANG_WARN_OBJC_LITERAL_CONVERSION = YES;
				CLANG_WARN_OBJC_ROOT_CLASS = YES_ERROR;
				CLANG_WARN_QUOTED_INCLUDE_IN_FRAMEWORK_HEADER = YES;
				CLANG_WARN_RANGE_LOOP_ANALYSIS = YES;
				CLANG_WARN_STRICT_PROTOTYPES = YES;
				CLANG_WARN_SUSPICIOUS_MOVE = YES;
				CLANG_WARN_UNGUARDED_AVAILABILITY = YES_AGGRESSIVE;
				CLANG_WARN_UNREACHABLE_CODE = YES;
				CLANG_WARN__DUPLICATE_METHOD_MATCH = YES;
				COPY_PHASE_STRIP = NO;
				DEBUG_INFORMATION_FORMAT = dwarf;
				ENABLE_STRICT_OBJC_MSGSEND = YES;
				ENABLE_TESTABILITY = YES;
				GCC_C_LANGUAGE_STANDARD = gnu11;
				GCC_DYNAMIC_NO_PIC = NO;
				GCC_NO_COMMON_BLOCKS = YES;
				GCC_OPTIMIZATION_LEVEL = 0;
				GCC_PREPROCESSOR_DEFINITIONS = (
					"DEBUG=1",
					"$(inherited)",
				);
				GCC_WARN_64_TO_32_BIT_CONVERSION = YES;
				GCC_WARN_ABOUT_RETURN_TYPE = YES_ERROR;
				GCC_WARN_UNDECLARED_SELECTOR = YES;
				GCC_WARN_UNINITIALIZED_AUTOS = YES_AGGRESSIVE;
				GCC_WARN_UNUSED_FUNCTION = YES;
				GCC_WARN_UNUSED_VARIABLE = YES;
				HEADER_SEARCH_PATHS = "raia-engine/include";
				LIBRARY_SEARCH_PATHS = "raia-engine/lib";
				MACOSX_DEPLOYMENT_TARGET = 12.3;
				MTL_ENABLE_DEBUG_INFO = INCLUDE_SOURCE;
				MTL_FAST_MATH = YES;
				ONLY_ACTIVE_ARCH = YES;
				SDKROOT = macosx;
			};
			name = Debug;
		};
		8B6D9C9A28C73E2F004D6A6C /* Release */ = {
			isa = XCBuildConfiguration;
			buildSettings = {
				ALWAYS_SEARCH_USER_PATHS = NO;
				CLANG_ANALYZER_NONNULL = YES;
				CLANG_ANALYZER_NUMBER_OBJECT_CONVERSION = YES_AGGRESSIVE;
				CLANG_CXX_LANGUAGE_STANDARD = "gnu++17";
				CLANG_ENABLE_MODULES = YES;
				CLANG_ENABLE_OBJC_ARC = YES;
				CLANG_ENABLE_OBJC_WEAK = YES;
				CLANG_WARN_BLOCK_CAPTURE_AUTORELEASING = YES;
				CLANG_WARN_BOOL_CONVERSION = YES;
				CLANG_WARN_COMMA = YES;
				CLANG_WARN_CONSTANT_CONVERSION = YES;
				CLANG_WARN_DEPRECATED_OBJC_IMPLEMENTATIONS = YES;
				CLANG_WARN_DIRECT_OBJC_ISA_USAGE = YES_ERROR;
				CLANG_WARN_DOCUMENTATION_COMMENTS = YES;
				CLANG_WARN_EMPTY_BODY = YES;
				CLANG_WARN_ENUM_CONVERSION = YES;
				CLANG_WARN_INFINITE_RECURSION = YES;
				CLANG_WARN_INT_CONVERSION = YES;
				CLANG_WARN_NON_LITERAL_NULL_CONVERSION = YES;
				CLANG_WARN_OBJC_IMPLICIT_RETAIN_SELF = YES;
				CLANG_WARN_OBJC_LITERAL_CONVERSION = YES;
				CLANG_WARN_OBJC_ROOT_CLASS = YES_ERROR;
				CLANG_WARN_QUOTED_INCLUDE_IN_FRAMEWORK_HEADER = YES;
				CLANG_WARN_RANGE_LOOP_ANALYSIS = YES;
				CLANG_WARN_STRICT_PROTOTYPES = YES;
				CLANG_WARN_SUSPICIOUS_MOVE = YES;
				CLANG_WARN_UNGUARDED_AVAILABILITY = YES_AGGRESSIVE;
				CLANG_WARN_UNREACHABLE_CODE = YES;
				CLANG_WARN__DUPLICATE_METHOD_MATCH = YES;
				COPY_PHASE_STRIP = NO;
				DEBUG_INFORMATION_FORMAT = "dwarf-with-dsym";
				ENABLE_NS_ASSERTIONS = NO;
				ENABLE_STRICT_OBJC_MSGSEND = YES;
				GCC_C_LANGUAGE_STANDARD = gnu11;
				GCC_NO_COMMON_BLOCKS = YES;
				GCC_WARN_64_TO_32_BIT_CONVERSION = YES;
				GCC_WARN_ABOUT_RETURN_TYPE = YES_ERROR;
				GCC_WARN_UNDECLARED_SELECTOR = YES;
				GCC_WARN_UNINITIALIZED_AUTOS = YES_AGGRESSIVE;
				GCC_WARN_UNUSED_FUNCTION = YES;
				GCC_WARN_UNUSED_VARIABLE = YES;
				HEADER_SEARCH_PATHS = "raia-engine/include";
				LIBRARY_SEARCH_PATHS = "raia-engine/lib";
				MACOSX_DEPLOYMENT_TARGET = 12.3;
				MTL_ENABLE_DEBUG_INFO = NO;
				MTL_FAST_MATH = YES;
				SDKROOT = macosx;
			};
			name = Release;
		};
		8B6D9C9C28C73E2F004D6A6C /* Debug */ = {
			isa = XCBuildConfiguration;
			buildSettings = {
				CODE_SIGN_STYLE = Automatic;
				LIBRARY_SEARCH_PATHS = (
					"$(inherited)",
					"$(PROJECT_DIR)/raia-engine/lib",
					"/opt/homebrew/Cellar/openal-soft/1.22.2/lib",
				);
				PRODUCT_NAME = "$(TARGET_NAME)";
			};
			name = Debug;
		};
		8B6D9C9D28C73E2F004D6A6C /* Release */ = {
			isa = XCBuildConfiguration;
			buildSettings = {
				CODE_SIGN_STYLE = Automatic;
				LIBRARY_SEARCH_PATHS = (
					"$(inherited)",
					"$(PROJECT_DIR)/raia-engine/lib",
					"/opt/homebrew/Cellar/openal-soft/1.22.2/lib",
				);
				PRODUCT_NAME = "$(TARGET_NAME)";
			};
			name = Release;
		};
/* End XCBuildConfiguration section */

/* Begin XCConfigurationList section */
		8B6D9C8F28C73E2F004D6A6C /* Build configuration list for PBXProject "raia-engine" */ = {
			isa = XCConfigurationList;
			buildConfigurations = (
				8B6D9C9928C73E2F004D6A6C /* Debug */,
				8B6D9C9A28C73E2F004D6A6C /* Release */,
			);
			defaultConfigurationIsVisible = 0;
			defaultConfigurationName = Release;
		};
		8B6D9C9B28C73E2F004D6A6C /* Build configuration list for PBXNativeTarget "raia-engine" */ = {
			isa = XCConfigurationList;
			buildConfigurations = (
				8B6D9C9C28C73E2F004D6A6C /* Debug */,
				8B6D9C9D28C73E2F004D6A6C /* Release */,
			);
			defaultConfigurationIsVisible = 0;
			defaultConfigurationName = Release;
		};
/* End XCConfigurationList section */
	};
	rootObject = 8B6D9C8C28C73E2F004D6A6C /* Project object */;
}
