// !$*UTF8*$!
{
	archiveVersion = 1;
	classes = {
	};
	objectVersion = 55;
	objects = {

/* Begin PBXBuildFile section */
		8B99927428CDB8AF00DDF5DE /* raia-engine.c in Sources */ = {isa = PBXBuildFile; fileRef = 8B99927328CDB8AF00DDF5DE /* raia-engine.c */; };
		8B9992BE28CDC05100DDF5DE /* startup.js in CopyFiles */ = {isa = PBXBuildFile; fileRef = 8B9992BD28CDC03E00DDF5DE /* startup.js */; };
		8B9992C528CDCC9500DDF5DE /* libglfw.3.3.dylib in Frameworks */ = {isa = PBXBuildFile; fileRef = 8B9992C328CDCC9500DDF5DE /* libglfw.3.3.dylib */; };
		8B9992C628CDCC9500DDF5DE /* libopenal.1.22.2.dylib in Frameworks */ = {isa = PBXBuildFile; fileRef = 8B9992C428CDCC9500DDF5DE /* libopenal.1.22.2.dylib */; };
		8B9992F228CDCE8500DDF5DE /* stb_image.c in Sources */ = {isa = PBXBuildFile; fileRef = 8B9992CA28CDCE8500DDF5DE /* stb_image.c */; };
		8B9992F328CDCE8500DDF5DE /* wrapper_glfw.c in Sources */ = {isa = PBXBuildFile; fileRef = 8B9992D228CDCE8500DDF5DE /* wrapper_glfw.c */; };
		8B9992F428CDCE8500DDF5DE /* wrapper_stb_image.c in Sources */ = {isa = PBXBuildFile; fileRef = 8B9992D328CDCE8500DDF5DE /* wrapper_stb_image.c */; };
		8B9992F528CDCE8500DDF5DE /* wrapper_duktape.c in Sources */ = {isa = PBXBuildFile; fileRef = 8B9992D428CDCE8500DDF5DE /* wrapper_duktape.c */; };
		8B9992F628CDCE8500DDF5DE /* util_io.c in Sources */ = {isa = PBXBuildFile; fileRef = 8B9992D728CDCE8500DDF5DE /* util_io.c */; };
		8B9992F728CDCE8500DDF5DE /* util_math.c in Sources */ = {isa = PBXBuildFile; fileRef = 8B9992DA28CDCE8500DDF5DE /* util_math.c */; };
		8B9992F828CDCE8500DDF5DE /* util_pixel.c in Sources */ = {isa = PBXBuildFile; fileRef = 8B9992DB28CDCE8500DDF5DE /* util_pixel.c */; };
		8B9992F928CDCE8500DDF5DE /* util_string.c in Sources */ = {isa = PBXBuildFile; fileRef = 8B9992DD28CDCE8500DDF5DE /* util_string.c */; };
		8B9992FA28CDCE8500DDF5DE /* duktape.c in Sources */ = {isa = PBXBuildFile; fileRef = 8B9992E328CDCE8500DDF5DE /* duktape.c */; };
		8B9992FB28CDCE8500DDF5DE /* static_pixel_data.c in Sources */ = {isa = PBXBuildFile; fileRef = 8B9992E628CDCE8500DDF5DE /* static_pixel_data.c */; };
		8B9992FC28CDCE8500DDF5DE /* static_window.c in Sources */ = {isa = PBXBuildFile; fileRef = 8B9992E828CDCE8500DDF5DE /* static_window.c */; };
		8B9992FD28CDCE8500DDF5DE /* static_header.c in Sources */ = {isa = PBXBuildFile; fileRef = 8B9992E928CDCE8500DDF5DE /* static_header.c */; };
		8B9992FE28CDCE8500DDF5DE /* raia_gl.c in Sources */ = {isa = PBXBuildFile; fileRef = 8B9992EC28CDCE8500DDF5DE /* raia_gl.c */; };
		8B9992FF28CDCE8500DDF5DE /* raia_duktape.c in Sources */ = {isa = PBXBuildFile; fileRef = 8B9992EE28CDCE8500DDF5DE /* raia_duktape.c */; };
		8B99930028CDCE8500DDF5DE /* raia_al.c in Sources */ = {isa = PBXBuildFile; fileRef = 8B9992F128CDCE8500DDF5DE /* raia_al.c */; };
/* End PBXBuildFile section */

/* Begin PBXCopyFilesBuildPhase section */
		8B6D9C9228C73E2F004D6A6C /* CopyFiles */ = {
			isa = PBXCopyFilesBuildPhase;
			buildActionMask = 12;
			dstPath = "";
			dstSubfolderSpec = 16;
			files = (
				8B9992BE28CDC05100DDF5DE /* startup.js in CopyFiles */,
			);
			runOnlyForDeploymentPostprocessing = 0;
		};
/* End PBXCopyFilesBuildPhase section */

/* Begin PBXFileReference section */
		8B6D9C9428C73E2F004D6A6C /* raia-engine */ = {isa = PBXFileReference; explicitFileType = "compiled.mach-o.executable"; includeInIndex = 0; path = "raia-engine"; sourceTree = BUILT_PRODUCTS_DIR; };
		8B99927328CDB8AF00DDF5DE /* raia-engine.c */ = {isa = PBXFileReference; fileEncoding = 4; lastKnownFileType = sourcecode.c.c; name = "raia-engine.c"; path = "../../src/raia-engine.c"; sourceTree = "<group>"; };
		8B9992BD28CDC03E00DDF5DE /* startup.js */ = {isa = PBXFileReference; lastKnownFileType = sourcecode.javascript; name = startup.js; path = ../../js/startup.js; sourceTree = "<group>"; };
		8B9992C328CDCC9500DDF5DE /* libglfw.3.3.dylib */ = {isa = PBXFileReference; lastKnownFileType = "compiled.mach-o.dylib"; name = libglfw.3.3.dylib; path = ../../lib/libglfw.3.3.dylib; sourceTree = "<group>"; };
		8B9992C428CDCC9500DDF5DE /* libopenal.1.22.2.dylib */ = {isa = PBXFileReference; lastKnownFileType = "compiled.mach-o.dylib"; name = libopenal.1.22.2.dylib; path = ../../lib/libopenal.1.22.2.dylib; sourceTree = "<group>"; };
		8B9992CA28CDCE8500DDF5DE /* stb_image.c */ = {isa = PBXFileReference; fileEncoding = 4; lastKnownFileType = sourcecode.c.c; path = stb_image.c; sourceTree = "<group>"; };
		8B9992CB28CDCE8500DDF5DE /* stb_image_write.h */ = {isa = PBXFileReference; fileEncoding = 4; lastKnownFileType = sourcecode.c.h; path = stb_image_write.h; sourceTree = "<group>"; };
		8B9992CC28CDCE8500DDF5DE /* stb_image_resize.h */ = {isa = PBXFileReference; fileEncoding = 4; lastKnownFileType = sourcecode.c.h; path = stb_image_resize.h; sourceTree = "<group>"; };
		8B9992CD28CDCE8500DDF5DE /* stb.h */ = {isa = PBXFileReference; fileEncoding = 4; lastKnownFileType = sourcecode.c.h; path = stb.h; sourceTree = "<group>"; };
		8B9992CE28CDCE8500DDF5DE /* stb_image.h */ = {isa = PBXFileReference; fileEncoding = 4; lastKnownFileType = sourcecode.c.h; path = stb_image.h; sourceTree = "<group>"; };
		8B9992D028CDCE8500DDF5DE /* wrapper_stb_image.h */ = {isa = PBXFileReference; fileEncoding = 4; lastKnownFileType = sourcecode.c.h; path = wrapper_stb_image.h; sourceTree = "<group>"; };
		8B9992D128CDCE8500DDF5DE /* wrapper_duktape.h */ = {isa = PBXFileReference; fileEncoding = 4; lastKnownFileType = sourcecode.c.h; path = wrapper_duktape.h; sourceTree = "<group>"; };
		8B9992D228CDCE8500DDF5DE /* wrapper_glfw.c */ = {isa = PBXFileReference; fileEncoding = 4; lastKnownFileType = sourcecode.c.c; path = wrapper_glfw.c; sourceTree = "<group>"; };
		8B9992D328CDCE8500DDF5DE /* wrapper_stb_image.c */ = {isa = PBXFileReference; fileEncoding = 4; lastKnownFileType = sourcecode.c.c; path = wrapper_stb_image.c; sourceTree = "<group>"; };
		8B9992D428CDCE8500DDF5DE /* wrapper_duktape.c */ = {isa = PBXFileReference; fileEncoding = 4; lastKnownFileType = sourcecode.c.c; path = wrapper_duktape.c; sourceTree = "<group>"; };
		8B9992D528CDCE8500DDF5DE /* wrapper_glfw.h */ = {isa = PBXFileReference; fileEncoding = 4; lastKnownFileType = sourcecode.c.h; path = wrapper_glfw.h; sourceTree = "<group>"; };
		8B9992D728CDCE8500DDF5DE /* util_io.c */ = {isa = PBXFileReference; fileEncoding = 4; lastKnownFileType = sourcecode.c.c; path = util_io.c; sourceTree = "<group>"; };
		8B9992D828CDCE8500DDF5DE /* util_pixel.h */ = {isa = PBXFileReference; fileEncoding = 4; lastKnownFileType = sourcecode.c.h; path = util_pixel.h; sourceTree = "<group>"; };
		8B9992D928CDCE8500DDF5DE /* util_string.h */ = {isa = PBXFileReference; fileEncoding = 4; lastKnownFileType = sourcecode.c.h; path = util_string.h; sourceTree = "<group>"; };
		8B9992DA28CDCE8500DDF5DE /* util_math.c */ = {isa = PBXFileReference; fileEncoding = 4; lastKnownFileType = sourcecode.c.c; path = util_math.c; sourceTree = "<group>"; };
		8B9992DB28CDCE8500DDF5DE /* util_pixel.c */ = {isa = PBXFileReference; fileEncoding = 4; lastKnownFileType = sourcecode.c.c; path = util_pixel.c; sourceTree = "<group>"; };
		8B9992DC28CDCE8500DDF5DE /* util_io.h */ = {isa = PBXFileReference; fileEncoding = 4; lastKnownFileType = sourcecode.c.h; path = util_io.h; sourceTree = "<group>"; };
		8B9992DD28CDCE8500DDF5DE /* util_string.c */ = {isa = PBXFileReference; fileEncoding = 4; lastKnownFileType = sourcecode.c.c; path = util_string.c; sourceTree = "<group>"; };
		8B9992DE28CDCE8500DDF5DE /* util_math.h */ = {isa = PBXFileReference; fileEncoding = 4; lastKnownFileType = sourcecode.c.h; path = util_math.h; sourceTree = "<group>"; };
		8B9992E028CDCE8500DDF5DE /* duk_config.h */ = {isa = PBXFileReference; fileEncoding = 4; lastKnownFileType = sourcecode.c.h; path = duk_config.h; sourceTree = "<group>"; };
		8B9992E128CDCE8500DDF5DE /* duktape.h */ = {isa = PBXFileReference; fileEncoding = 4; lastKnownFileType = sourcecode.c.h; path = duktape.h; sourceTree = "<group>"; };
		8B9992E228CDCE8500DDF5DE /* duk_source_meta.json */ = {isa = PBXFileReference; fileEncoding = 4; lastKnownFileType = text.json; path = duk_source_meta.json; sourceTree = "<group>"; };
		8B9992E328CDCE8500DDF5DE /* duktape.c */ = {isa = PBXFileReference; fileEncoding = 4; lastKnownFileType = sourcecode.c.c; path = duktape.c; sourceTree = "<group>"; };
		8B9992E528CDCE8500DDF5DE /* static_window.h */ = {isa = PBXFileReference; fileEncoding = 4; lastKnownFileType = sourcecode.c.h; path = static_window.h; sourceTree = "<group>"; };
		8B9992E628CDCE8500DDF5DE /* static_pixel_data.c */ = {isa = PBXFileReference; fileEncoding = 4; lastKnownFileType = sourcecode.c.c; path = static_pixel_data.c; sourceTree = "<group>"; };
		8B9992E728CDCE8500DDF5DE /* static_header.h */ = {isa = PBXFileReference; fileEncoding = 4; lastKnownFileType = sourcecode.c.h; path = static_header.h; sourceTree = "<group>"; };
		8B9992E828CDCE8500DDF5DE /* static_window.c */ = {isa = PBXFileReference; fileEncoding = 4; lastKnownFileType = sourcecode.c.c; path = static_window.c; sourceTree = "<group>"; };
		8B9992E928CDCE8500DDF5DE /* static_header.c */ = {isa = PBXFileReference; fileEncoding = 4; lastKnownFileType = sourcecode.c.c; path = static_header.c; sourceTree = "<group>"; };
		8B9992EA28CDCE8500DDF5DE /* static_pixel_data.h */ = {isa = PBXFileReference; fileEncoding = 4; lastKnownFileType = sourcecode.c.h; path = static_pixel_data.h; sourceTree = "<group>"; };
		8B9992EC28CDCE8500DDF5DE /* raia_gl.c */ = {isa = PBXFileReference; fileEncoding = 4; lastKnownFileType = sourcecode.c.c; path = raia_gl.c; sourceTree = "<group>"; };
		8B9992ED28CDCE8500DDF5DE /* raia_al.h */ = {isa = PBXFileReference; fileEncoding = 4; lastKnownFileType = sourcecode.c.h; path = raia_al.h; sourceTree = "<group>"; };
		8B9992EE28CDCE8500DDF5DE /* raia_duktape.c */ = {isa = PBXFileReference; fileEncoding = 4; lastKnownFileType = sourcecode.c.c; path = raia_duktape.c; sourceTree = "<group>"; };
		8B9992EF28CDCE8500DDF5DE /* raia_gl.h */ = {isa = PBXFileReference; fileEncoding = 4; lastKnownFileType = sourcecode.c.h; path = raia_gl.h; sourceTree = "<group>"; };
		8B9992F028CDCE8500DDF5DE /* raia_duktape.h */ = {isa = PBXFileReference; fileEncoding = 4; lastKnownFileType = sourcecode.c.h; path = raia_duktape.h; sourceTree = "<group>"; };
		8B9992F128CDCE8500DDF5DE /* raia_al.c */ = {isa = PBXFileReference; fileEncoding = 4; lastKnownFileType = sourcecode.c.c; path = raia_al.c; sourceTree = "<group>"; };
		8B99930128CDCE9600DDF5DE /* raia-engine.h */ = {isa = PBXFileReference; fileEncoding = 4; lastKnownFileType = sourcecode.c.h; name = "raia-engine.h"; path = "../../src/raia-engine.h"; sourceTree = "<group>"; };
		8B99930228CDCE9600DDF5DE /* platforms.h */ = {isa = PBXFileReference; fileEncoding = 4; lastKnownFileType = sourcecode.c.h; name = platforms.h; path = ../../src/platforms.h; sourceTree = "<group>"; };
/* End PBXFileReference section */

/* Begin PBXFrameworksBuildPhase section */
		8B6D9C9128C73E2F004D6A6C /* Frameworks */ = {
			isa = PBXFrameworksBuildPhase;
			buildActionMask = 2147483647;
			files = (
				8B9992C528CDCC9500DDF5DE /* libglfw.3.3.dylib in Frameworks */,
				8B9992C628CDCC9500DDF5DE /* libopenal.1.22.2.dylib in Frameworks */,
			);
			runOnlyForDeploymentPostprocessing = 0;
		};
/* End PBXFrameworksBuildPhase section */

/* Begin PBXGroup section */
		8B6D9C8B28C73E2F004D6A6C = {
			isa = PBXGroup;
			children = (
				8B6D9C9628C73E2F004D6A6C /* raia-engine */,
				8B6D9C9528C73E2F004D6A6C /* Products */,
				8B99927128CD91BB00DDF5DE /* Frameworks */,
			);
			sourceTree = "<group>";
		};
		8B6D9C9528C73E2F004D6A6C /* Products */ = {
			isa = PBXGroup;
			children = (
				8B6D9C9428C73E2F004D6A6C /* raia-engine */,
			);
			name = Products;
			sourceTree = "<group>";
		};
		8B6D9C9628C73E2F004D6A6C /* raia-engine */ = {
			isa = PBXGroup;
			children = (
				8B9992BD28CDC03E00DDF5DE /* startup.js */,
				8B99930228CDCE9600DDF5DE /* platforms.h */,
				8B99930128CDCE9600DDF5DE /* raia-engine.h */,
				8B99927328CDB8AF00DDF5DE /* raia-engine.c */,
				8B9992C328CDCC9500DDF5DE /* libglfw.3.3.dylib */,
				8B9992C428CDCC9500DDF5DE /* libopenal.1.22.2.dylib */,
				8B9992DF28CDCE8500DDF5DE /* duktape */,
				8B9992EB28CDCE8500DDF5DE /* raia */,
				8B9992E428CDCE8500DDF5DE /* static */,
				8B9992C928CDCE8500DDF5DE /* stb */,
				8B9992D628CDCE8500DDF5DE /* util */,
				8B9992CF28CDCE8500DDF5DE /* wrapper */,
			);
			path = "raia-engine";
			sourceTree = "<group>";
		};
		8B99927128CD91BB00DDF5DE /* Frameworks */ = {
			isa = PBXGroup;
			children = (
			);
			name = Frameworks;
			sourceTree = "<group>";
		};
		8B9992C928CDCE8500DDF5DE /* stb */ = {
			isa = PBXGroup;
			children = (
				8B9992CA28CDCE8500DDF5DE /* stb_image.c */,
				8B9992CB28CDCE8500DDF5DE /* stb_image_write.h */,
				8B9992CC28CDCE8500DDF5DE /* stb_image_resize.h */,
				8B9992CD28CDCE8500DDF5DE /* stb.h */,
				8B9992CE28CDCE8500DDF5DE /* stb_image.h */,
			);
			name = stb;
			path = ../../src/stb;
			sourceTree = "<group>";
		};
		8B9992CF28CDCE8500DDF5DE /* wrapper */ = {
			isa = PBXGroup;
			children = (
				8B9992D028CDCE8500DDF5DE /* wrapper_stb_image.h */,
				8B9992D128CDCE8500DDF5DE /* wrapper_duktape.h */,
				8B9992D228CDCE8500DDF5DE /* wrapper_glfw.c */,
				8B9992D328CDCE8500DDF5DE /* wrapper_stb_image.c */,
				8B9992D428CDCE8500DDF5DE /* wrapper_duktape.c */,
				8B9992D528CDCE8500DDF5DE /* wrapper_glfw.h */,
			);
			name = wrapper;
			path = ../../src/wrapper;
			sourceTree = "<group>";
		};
		8B9992D628CDCE8500DDF5DE /* util */ = {
			isa = PBXGroup;
			children = (
				8B9992D728CDCE8500DDF5DE /* util_io.c */,
				8B9992D828CDCE8500DDF5DE /* util_pixel.h */,
				8B9992D928CDCE8500DDF5DE /* util_string.h */,
				8B9992DA28CDCE8500DDF5DE /* util_math.c */,
				8B9992DB28CDCE8500DDF5DE /* util_pixel.c */,
				8B9992DC28CDCE8500DDF5DE /* util_io.h */,
				8B9992DD28CDCE8500DDF5DE /* util_string.c */,
				8B9992DE28CDCE8500DDF5DE /* util_math.h */,
			);
			name = util;
			path = ../../src/util;
			sourceTree = "<group>";
		};
		8B9992DF28CDCE8500DDF5DE /* duktape */ = {
			isa = PBXGroup;
			children = (
				8B9992E028CDCE8500DDF5DE /* duk_config.h */,
				8B9992E128CDCE8500DDF5DE /* duktape.h */,
				8B9992E228CDCE8500DDF5DE /* duk_source_meta.json */,
				8B9992E328CDCE8500DDF5DE /* duktape.c */,
			);
			name = duktape;
			path = ../../src/duktape;
			sourceTree = "<group>";
		};
		8B9992E428CDCE8500DDF5DE /* static */ = {
			isa = PBXGroup;
			children = (
				8B9992E528CDCE8500DDF5DE /* static_window.h */,
				8B9992E628CDCE8500DDF5DE /* static_pixel_data.c */,
				8B9992E728CDCE8500DDF5DE /* static_header.h */,
				8B9992E828CDCE8500DDF5DE /* static_window.c */,
				8B9992E928CDCE8500DDF5DE /* static_header.c */,
				8B9992EA28CDCE8500DDF5DE /* static_pixel_data.h */,
			);
			name = static;
			path = ../../src/static;
			sourceTree = "<group>";
		};
		8B9992EB28CDCE8500DDF5DE /* raia */ = {
			isa = PBXGroup;
			children = (
				8B9992EC28CDCE8500DDF5DE /* raia_gl.c */,
				8B9992ED28CDCE8500DDF5DE /* raia_al.h */,
				8B9992EE28CDCE8500DDF5DE /* raia_duktape.c */,
				8B9992EF28CDCE8500DDF5DE /* raia_gl.h */,
				8B9992F028CDCE8500DDF5DE /* raia_duktape.h */,
				8B9992F128CDCE8500DDF5DE /* raia_al.c */,
			);
			name = raia;
			path = ../../src/raia;
			sourceTree = "<group>";
		};
/* End PBXGroup section */

/* Begin PBXNativeTarget section */
		8B6D9C9328C73E2F004D6A6C /* raia-engine */ = {
			isa = PBXNativeTarget;
			buildConfigurationList = 8B6D9C9B28C73E2F004D6A6C /* Build configuration list for PBXNativeTarget "raia-engine" */;
			buildPhases = (
				8B6D9C9028C73E2F004D6A6C /* Sources */,
				8B6D9C9128C73E2F004D6A6C /* Frameworks */,
				8B6D9C9228C73E2F004D6A6C /* CopyFiles */,
			);
			buildRules = (
			);
			dependencies = (
			);
			name = "raia-engine";
			productName = "raia-engine";
			productReference = 8B6D9C9428C73E2F004D6A6C /* raia-engine */;
			productType = "com.apple.product-type.tool";
		};
/* End PBXNativeTarget section */

/* Begin PBXProject section */
		8B6D9C8C28C73E2F004D6A6C /* Project object */ = {
			isa = PBXProject;
			attributes = {
				BuildIndependentTargetsInParallel = 1;
				LastUpgradeCheck = 1340;
				TargetAttributes = {
					8B6D9C9328C73E2F004D6A6C = {
						CreatedOnToolsVersion = 13.4.1;
					};
				};
			};
			buildConfigurationList = 8B6D9C8F28C73E2F004D6A6C /* Build configuration list for PBXProject "raia-engine" */;
			compatibilityVersion = "Xcode 13.0";
			developmentRegion = en;
			hasScannedForEncodings = 0;
			knownRegions = (
				en,
				Base,
			);
			mainGroup = 8B6D9C8B28C73E2F004D6A6C;
			productRefGroup = 8B6D9C9528C73E2F004D6A6C /* Products */;
			projectDirPath = "";
			projectRoot = "";
			targets = (
				8B6D9C9328C73E2F004D6A6C /* raia-engine */,
			);
		};
/* End PBXProject section */

/* Begin PBXSourcesBuildPhase section */
		8B6D9C9028C73E2F004D6A6C /* Sources */ = {
			isa = PBXSourcesBuildPhase;
			buildActionMask = 2147483647;
			files = (
				8B99927428CDB8AF00DDF5DE /* raia-engine.c in Sources */,
				8B9992F328CDCE8500DDF5DE /* wrapper_glfw.c in Sources */,
				8B9992FD28CDCE8500DDF5DE /* static_header.c in Sources */,
				8B99930028CDCE8500DDF5DE /* raia_al.c in Sources */,
				8B9992F228CDCE8500DDF5DE /* stb_image.c in Sources */,
				8B9992FC28CDCE8500DDF5DE /* static_window.c in Sources */,
				8B9992F628CDCE8500DDF5DE /* util_io.c in Sources */,
				8B9992FF28CDCE8500DDF5DE /* raia_duktape.c in Sources */,
				8B9992FB28CDCE8500DDF5DE /* static_pixel_data.c in Sources */,
				8B9992FA28CDCE8500DDF5DE /* duktape.c in Sources */,
				8B9992F828CDCE8500DDF5DE /* util_pixel.c in Sources */,
				8B9992F728CDCE8500DDF5DE /* util_math.c in Sources */,
				8B9992F428CDCE8500DDF5DE /* wrapper_stb_image.c in Sources */,
				8B9992FE28CDCE8500DDF5DE /* raia_gl.c in Sources */,
				8B9992F928CDCE8500DDF5DE /* util_string.c in Sources */,
				8B9992F528CDCE8500DDF5DE /* wrapper_duktape.c in Sources */,
			);
			runOnlyForDeploymentPostprocessing = 0;
		};
/* End PBXSourcesBuildPhase section */

/* Begin XCBuildConfiguration section */
		8B6D9C9928C73E2F004D6A6C /* Debug */ = {
			isa = XCBuildConfiguration;
			buildSettings = {
				ALWAYS_SEARCH_USER_PATHS = NO;
				CLANG_ANALYZER_NONNULL = YES;
				CLANG_ANALYZER_NUMBER_OBJECT_CONVERSION = YES_AGGRESSIVE;
				CLANG_CXX_LANGUAGE_STANDARD = "gnu++17";
				CLANG_ENABLE_MODULES = YES;
				CLANG_ENABLE_OBJC_ARC = YES;
				CLANG_ENABLE_OBJC_WEAK = YES;
				CLANG_WARN_BLOCK_CAPTURE_AUTORELEASING = YES;
				CLANG_WARN_BOOL_CONVERSION = YES;
				CLANG_WARN_COMMA = YES;
				CLANG_WARN_CONSTANT_CONVERSION = YES;
				CLANG_WARN_DEPRECATED_OBJC_IMPLEMENTATIONS = YES;
				CLANG_WARN_DIRECT_OBJC_ISA_USAGE = YES_ERROR;
				CLANG_WARN_DOCUMENTATION_COMMENTS = YES;
				CLANG_WARN_EMPTY_BODY = YES;
				CLANG_WARN_ENUM_CONVERSION = YES;
				CLANG_WARN_INFINITE_RECURSION = YES;
				CLANG_WARN_INT_CONVERSION = YES;
				CLANG_WARN_NON_LITERAL_NULL_CONVERSION = YES;
				CLANG_WARN_OBJC_IMPLICIT_RETAIN_SELF = YES;
				CLANG_WARN_OBJC_LITERAL_CONVERSION = YES;
				CLANG_WARN_OBJC_ROOT_CLASS = YES_ERROR;
				CLANG_WARN_QUOTED_INCLUDE_IN_FRAMEWORK_HEADER = YES;
				CLANG_WARN_RANGE_LOOP_ANALYSIS = YES;
				CLANG_WARN_STRICT_PROTOTYPES = YES;
				CLANG_WARN_SUSPICIOUS_MOVE = YES;
				CLANG_WARN_UNGUARDED_AVAILABILITY = YES_AGGRESSIVE;
				CLANG_WARN_UNREACHABLE_CODE = YES;
				CLANG_WARN__DUPLICATE_METHOD_MATCH = YES;
				COPY_PHASE_STRIP = NO;
				DEBUG_INFORMATION_FORMAT = dwarf;
				ENABLE_STRICT_OBJC_MSGSEND = YES;
				ENABLE_TESTABILITY = YES;
				GCC_C_LANGUAGE_STANDARD = gnu11;
				GCC_DYNAMIC_NO_PIC = NO;
				GCC_NO_COMMON_BLOCKS = YES;
				GCC_OPTIMIZATION_LEVEL = 0;
				GCC_PREPROCESSOR_DEFINITIONS = (
					"DEBUG=1",
					"$(inherited)",
				);
				GCC_WARN_64_TO_32_BIT_CONVERSION = YES;
				GCC_WARN_ABOUT_RETURN_TYPE = YES_ERROR;
				GCC_WARN_UNDECLARED_SELECTOR = YES;
				GCC_WARN_UNINITIALIZED_AUTOS = YES_AGGRESSIVE;
				GCC_WARN_UNUSED_FUNCTION = YES;
				GCC_WARN_UNUSED_VARIABLE = YES;
				HEADER_SEARCH_PATHS = (
					../include,
					"raia-engine/include",
					../src,
				);
				LIBRARY_SEARCH_PATHS = (
					"raia-engine/lib",
					../lib,
				);
				MACOSX_DEPLOYMENT_TARGET = 12.3;
				MTL_ENABLE_DEBUG_INFO = INCLUDE_SOURCE;
				MTL_FAST_MATH = YES;
				ONLY_ACTIVE_ARCH = YES;
				OTHER_CFLAGS = "";
				SDKROOT = macosx;
			};
			name = Debug;
		};
		8B6D9C9A28C73E2F004D6A6C /* Release */ = {
			isa = XCBuildConfiguration;
			buildSettings = {
				ALWAYS_SEARCH_USER_PATHS = NO;
				CLANG_ANALYZER_NONNULL = YES;
				CLANG_ANALYZER_NUMBER_OBJECT_CONVERSION = YES_AGGRESSIVE;
				CLANG_CXX_LANGUAGE_STANDARD = "gnu++17";
				CLANG_ENABLE_MODULES = YES;
				CLANG_ENABLE_OBJC_ARC = YES;
				CLANG_ENABLE_OBJC_WEAK = YES;
				CLANG_WARN_BLOCK_CAPTURE_AUTORELEASING = YES;
				CLANG_WARN_BOOL_CONVERSION = YES;
				CLANG_WARN_COMMA = YES;
				CLANG_WARN_CONSTANT_CONVERSION = YES;
				CLANG_WARN_DEPRECATED_OBJC_IMPLEMENTATIONS = YES;
				CLANG_WARN_DIRECT_OBJC_ISA_USAGE = YES_ERROR;
				CLANG_WARN_DOCUMENTATION_COMMENTS = YES;
				CLANG_WARN_EMPTY_BODY = YES;
				CLANG_WARN_ENUM_CONVERSION = YES;
				CLANG_WARN_INFINITE_RECURSION = YES;
				CLANG_WARN_INT_CONVERSION = YES;
				CLANG_WARN_NON_LITERAL_NULL_CONVERSION = YES;
				CLANG_WARN_OBJC_IMPLICIT_RETAIN_SELF = YES;
				CLANG_WARN_OBJC_LITERAL_CONVERSION = YES;
				CLANG_WARN_OBJC_ROOT_CLASS = YES_ERROR;
				CLANG_WARN_QUOTED_INCLUDE_IN_FRAMEWORK_HEADER = YES;
				CLANG_WARN_RANGE_LOOP_ANALYSIS = YES;
				CLANG_WARN_STRICT_PROTOTYPES = YES;
				CLANG_WARN_SUSPICIOUS_MOVE = YES;
				CLANG_WARN_UNGUARDED_AVAILABILITY = YES_AGGRESSIVE;
				CLANG_WARN_UNREACHABLE_CODE = YES;
				CLANG_WARN__DUPLICATE_METHOD_MATCH = YES;
				COPY_PHASE_STRIP = NO;
				DEBUG_INFORMATION_FORMAT = "dwarf-with-dsym";
				ENABLE_NS_ASSERTIONS = NO;
				ENABLE_STRICT_OBJC_MSGSEND = YES;
				GCC_C_LANGUAGE_STANDARD = gnu11;
				GCC_NO_COMMON_BLOCKS = YES;
				GCC_WARN_64_TO_32_BIT_CONVERSION = YES;
				GCC_WARN_ABOUT_RETURN_TYPE = YES_ERROR;
				GCC_WARN_UNDECLARED_SELECTOR = YES;
				GCC_WARN_UNINITIALIZED_AUTOS = YES_AGGRESSIVE;
				GCC_WARN_UNUSED_FUNCTION = YES;
				GCC_WARN_UNUSED_VARIABLE = YES;
				HEADER_SEARCH_PATHS = (
					../include,
					"raia-engine/include",
					../src,
				);
				LIBRARY_SEARCH_PATHS = (
					"raia-engine/lib",
					../lib,
				);
				MACOSX_DEPLOYMENT_TARGET = 12.3;
				MTL_ENABLE_DEBUG_INFO = NO;
				MTL_FAST_MATH = YES;
				OTHER_CFLAGS = "";
				SDKROOT = macosx;
			};
			name = Release;
		};
		8B6D9C9C28C73E2F004D6A6C /* Debug */ = {
			isa = XCBuildConfiguration;
			buildSettings = {
				CODE_SIGN_STYLE = Automatic;
				LIBRARY_SEARCH_PATHS = (
					"$(inherited)",
					"$(PROJECT_DIR)/raia-engine/lib",
					"/opt/homebrew/Cellar/openal-soft/1.22.2/lib",
					/opt/homebrew/Cellar/libomp/14.0.6/lib,
					"$(PROJECT_DIR)/raia-engine",
				);
				PRODUCT_NAME = "$(TARGET_NAME)";
			};
			name = Debug;
		};
		8B6D9C9D28C73E2F004D6A6C /* Release */ = {
			isa = XCBuildConfiguration;
			buildSettings = {
				CODE_SIGN_STYLE = Automatic;
				LIBRARY_SEARCH_PATHS = (
					"$(inherited)",
					"$(PROJECT_DIR)/raia-engine/lib",
					"/opt/homebrew/Cellar/openal-soft/1.22.2/lib",
					/opt/homebrew/Cellar/libomp/14.0.6/lib,
					"$(PROJECT_DIR)/raia-engine",
				);
				PRODUCT_NAME = "$(TARGET_NAME)";
			};
			name = Release;
		};
/* End XCBuildConfiguration section */

/* Begin XCConfigurationList section */
		8B6D9C8F28C73E2F004D6A6C /* Build configuration list for PBXProject "raia-engine" */ = {
			isa = XCConfigurationList;
			buildConfigurations = (
				8B6D9C9928C73E2F004D6A6C /* Debug */,
				8B6D9C9A28C73E2F004D6A6C /* Release */,
			);
			defaultConfigurationIsVisible = 0;
			defaultConfigurationName = Release;
		};
		8B6D9C9B28C73E2F004D6A6C /* Build configuration list for PBXNativeTarget "raia-engine" */ = {
			isa = XCConfigurationList;
			buildConfigurations = (
				8B6D9C9C28C73E2F004D6A6C /* Debug */,
				8B6D9C9D28C73E2F004D6A6C /* Release */,
			);
			defaultConfigurationIsVisible = 0;
			defaultConfigurationName = Release;
		};
/* End XCConfigurationList section */
	};
	rootObject = 8B6D9C8C28C73E2F004D6A6C /* Project object */;
}
