<?xml version="1.0" encoding="utf-8"?>
<Project ToolsVersion="4.0" xmlns="http://schemas.microsoft.com/developer/msbuild/2003">
  <ItemGroup>
    <Filter Include="ソース ファイル">
      <UniqueIdentifier>{4FC737F1-C7A5-4376-A066-2A32D752A2FF}</UniqueIdentifier>
      <Extensions>cpp;c;cc;cxx;c++;cppm;ixx;def;odl;idl;hpj;bat;asm;asmx</Extensions>
    </Filter>
    <Filter Include="ヘッダー ファイル">
      <UniqueIdentifier>{93995380-89BD-4b04-88EB-625FBE52EBFB}</UniqueIdentifier>
      <Extensions>h;hh;hpp;hxx;h++;hm;inl;inc;ipp;xsd</Extensions>
    </Filter>
    <Filter Include="リソース ファイル">
      <UniqueIdentifier>{67DA6AB6-F800-4c08-8B7A-83BB121AAD01}</UniqueIdentifier>
      <Extensions>rc;ico;cur;bmp;dlg;rc2;rct;bin;rgs;gif;jpg;jpeg;jpe;resx;tiff;tif;png;wav;mfcribbon-ms</Extensions>
    </Filter>
    <Filter Include="ソース ファイル\raia">
      <UniqueIdentifier>{bfb8a803-b2b7-49fa-a30b-fb21f8cea0c7}</UniqueIdentifier>
    </Filter>
    <Filter Include="ソース ファイル\duktape">
      <UniqueIdentifier>{754d3992-d3a4-4bb4-963f-f012dba328ea}</UniqueIdentifier>
    </Filter>
    <Filter Include="ソース ファイル\static">
      <UniqueIdentifier>{6c0d672c-47dc-4fb6-80fa-6093f597a90c}</UniqueIdentifier>
    </Filter>
    <Filter Include="ソース ファイル\stb">
      <UniqueIdentifier>{3d6ee54f-d680-4f1b-a869-e05092d6c098}</UniqueIdentifier>
    </Filter>
    <Filter Include="ソース ファイル\util">
      <UniqueIdentifier>{27e44e65-eb45-491f-8530-7f5027094b26}</UniqueIdentifier>
    </Filter>
    <Filter Include="ソース ファイル\wrapper">
      <UniqueIdentifier>{9875e35e-c8b7-4184-8448-3c8afca27426}</UniqueIdentifier>
    </Filter>
  </ItemGroup>
  <ItemGroup>
    <ClCompile Include="..\..\src\raia-engine.c">
      <Filter>ソース ファイル</Filter>
    </ClCompile>
    <ClCompile Include="..\..\src\duktape\duktape.c">
      <Filter>ソース ファイル\duktape</Filter>
    </ClCompile>
    <ClCompile Include="..\..\src\raia\raia_al.c">
      <Filter>ソース ファイル\raia</Filter>
    </ClCompile>
    <ClCompile Include="..\..\src\raia\raia_duktape.c">
      <Filter>ソース ファイル\raia</Filter>
    </ClCompile>
    <ClCompile Include="..\..\src\raia\raia_gl.c">
      <Filter>ソース ファイル\raia</Filter>
    </ClCompile>
    <ClCompile Include="..\..\src\static\static_header.c">
      <Filter>ソース ファイル\static</Filter>
    </ClCompile>
    <ClCompile Include="..\..\src\static\static_pixel_data.c">
      <Filter>ソース ファイル\static</Filter>
    </ClCompile>
    <ClCompile Include="..\..\src\static\static_window.c">
      <Filter>ソース ファイル\static</Filter>
    </ClCompile>
    <ClCompile Include="..\..\src\stb\stb_image.c">
      <Filter>ソース ファイル\stb</Filter>
    </ClCompile>
    <ClCompile Include="..\..\src\util\util_io.c">
      <Filter>ソース ファイル\util</Filter>
    </ClCompile>
    <ClCompile Include="..\..\src\util\util_math.c">
      <Filter>ソース ファイル\util</Filter>
    </ClCompile>
    <ClCompile Include="..\..\src\util\util_pixel.c">
      <Filter>ソース ファイル\util</Filter>
    </ClCompile>
    <ClCompile Include="..\..\src\util\util_string.c">
      <Filter>ソース ファイル\util</Filter>
    </ClCompile>
    <ClCompile Include="..\..\src\wrapper\wrapper_duktape.c">
      <Filter>ソース ファイル\wrapper</Filter>
    </ClCompile>
    <ClCompile Include="..\..\src\wrapper\wrapper_glfw.c">
      <Filter>ソース ファイル\wrapper</Filter>
    </ClCompile>
    <ClCompile Include="..\..\src\wrapper\wrapper_stb_image.c">
      <Filter>ソース ファイル\wrapper</Filter>
    </ClCompile>
  </ItemGroup>
  <ItemGroup>
    <ClInclude Include="..\..\src\platforms.h">
      <Filter>ソース ファイル</Filter>
    </ClInclude>
    <ClInclude Include="..\..\src\raia-engine.h">
      <Filter>ソース ファイル</Filter>
    </ClInclude>
    <ClInclude Include="..\..\src\duktape\duk_config.h">
      <Filter>ソース ファイル\duktape</Filter>
    </ClInclude>
    <ClInclude Include="..\..\src\duktape\duktape.h">
      <Filter>ソース ファイル\duktape</Filter>
    </ClInclude>
    <ClInclude Include="..\..\src\raia\raia_al.h">
      <Filter>ソース ファイル\raia</Filter>
    </ClInclude>
    <ClInclude Include="..\..\src\raia\raia_duktape.h">
      <Filter>ソース ファイル\raia</Filter>
    </ClInclude>
    <ClInclude Include="..\..\src\raia\raia_gl.h">
      <Filter>ソース ファイル\raia</Filter>
    </ClInclude>
    <ClInclude Include="..\..\src\static\static_header.h">
      <Filter>ソース ファイル\static</Filter>
    </ClInclude>
    <ClInclude Include="..\..\src\static\static_pixel_data.h">
      <Filter>ソース ファイル\static</Filter>
    </ClInclude>
    <ClInclude Include="..\..\src\static\static_window.h">
      <Filter>ソース ファイル\static</Filter>
    </ClInclude>
    <ClInclude Include="..\..\src\stb\stb.h">
      <Filter>ソース ファイル\stb</Filter>
    </ClInclude>
    <ClInclude Include="..\..\src\stb\stb_image.h">
      <Filter>ソース ファイル\stb</Filter>
    </ClInclude>
    <ClInclude Include="..\..\src\stb\stb_image_resize.h">
      <Filter>ソース ファイル\stb</Filter>
    </ClInclude>
    <ClInclude Include="..\..\src\stb\stb_image_write.h">
      <Filter>ソース ファイル\stb</Filter>
    </ClInclude>
    <ClInclude Include="..\..\src\util\util_io.h">
      <Filter>ソース ファイル\util</Filter>
    </ClInclude>
    <ClInclude Include="..\..\src\util\util_math.h">
      <Filter>ソース ファイル\util</Filter>
    </ClInclude>
    <ClInclude Include="..\..\src\util\util_pixel.h">
      <Filter>ソース ファイル\util</Filter>
    </ClInclude>
    <ClInclude Include="..\..\src\util\util_string.h">
      <Filter>ソース ファイル\util</Filter>
    </ClInclude>
    <ClInclude Include="..\..\src\wrapper\wrapper_duktape.h">
      <Filter>ソース ファイル\wrapper</Filter>
    </ClInclude>
    <ClInclude Include="..\..\src\wrapper\wrapper_glfw.h">
      <Filter>ソース ファイル\wrapper</Filter>
    </ClInclude>
    <ClInclude Include="..\..\src\wrapper\wrapper_stb_image.h">
      <Filter>ソース ファイル\wrapper</Filter>
    </ClInclude>
  </ItemGroup>
  <ItemGroup>
    <None Include="..\..\js\startup.js">
      <Filter>リソース ファイル</Filter>
    </None>
    <None Include="..\..\src\duktape\duk_source_meta.json">
      <Filter>ソース ファイル\duktape</Filter>
    </None>
  </ItemGroup>
</Project>