<?xml version="1.0" encoding="utf-8"?>
<Project ToolsVersion="4.0" xmlns="http://schemas.microsoft.com/developer/msbuild/2003">
  <ItemGroup>
    <Filter Include="ソース ファイル">
      <UniqueIdentifier>{4FC737F1-C7A5-4376-A066-2A32D752A2FF}</UniqueIdentifier>
      <Extensions>cpp;c;cc;cxx;c++;cppm;ixx;def;odl;idl;hpj;bat;asm;asmx</Extensions>
    </Filter>
    <Filter Include="ヘッダー ファイル">
      <UniqueIdentifier>{93995380-89BD-4b04-88EB-625FBE52EBFB}</UniqueIdentifier>
      <Extensions>h;hh;hpp;hxx;h++;hm;inl;inc;ipp;xsd</Extensions>
    </Filter>
    <Filter Include="リソース ファイル">
      <UniqueIdentifier>{67DA6AB6-F800-4c08-8B7A-83BB121AAD01}</UniqueIdentifier>
      <Extensions>rc;ico;cur;bmp;dlg;rc2;rct;bin;rgs;gif;jpg;jpeg;jpe;resx;tiff;tif;png;wav;mfcribbon-ms</Extensions>
    </Filter>
  </ItemGroup>
  <ItemGroup>
    <ClCompile Include="include\duktape\duktape.c">
      <Filter>ソース ファイル</Filter>
    </ClCompile>
    <ClCompile Include="src\raia-engine.c">
      <Filter>ソース ファイル</Filter>
    </ClCompile>
    <ClCompile Include="include\raia_al.c">
      <Filter>ソース ファイル</Filter>
    </ClCompile>
    <ClCompile Include="include\raia_duktape.c">
      <Filter>ソース ファイル</Filter>
    </ClCompile>
    <ClCompile Include="include\raia_gl.c">
      <Filter>ソース ファイル</Filter>
    </ClCompile>
    <ClCompile Include="include\static_header.c">
      <Filter>ソース ファイル</Filter>
    </ClCompile>
    <ClCompile Include="include\static_pixel_data.c">
      <Filter>ソース ファイル</Filter>
    </ClCompile>
    <ClCompile Include="include\static_window.c">
      <Filter>ソース ファイル</Filter>
    </ClCompile>
    <ClCompile Include="include\util_io.c">
      <Filter>ソース ファイル</Filter>
    </ClCompile>
    <ClCompile Include="include\util_math.c">
      <Filter>ソース ファイル</Filter>
    </ClCompile>
    <ClCompile Include="include\util_pixel.c">
      <Filter>ソース ファイル</Filter>
    </ClCompile>
    <ClCompile Include="include\util_string.c">
      <Filter>ソース ファイル</Filter>
    </ClCompile>
    <ClCompile Include="include\wrapper_duktape.c">
      <Filter>ソース ファイル</Filter>
    </ClCompile>
    <ClCompile Include="include\wrapper_glfw.c">
      <Filter>ソース ファイル</Filter>
    </ClCompile>
    <ClCompile Include="include\wrapper_stb_image.c">
      <Filter>ソース ファイル</Filter>
    </ClCompile>
    <ClCompile Include="include\stb\stb_image.c">
      <Filter>ソース ファイル</Filter>
    </ClCompile>
  </ItemGroup>
  <ItemGroup>
    <ClInclude Include="include\duktape\duktape.h">
      <Filter>ソース ファイル</Filter>
    </ClInclude>
    <ClInclude Include="include\platforms.h">
      <Filter>ソース ファイル</Filter>
    </ClInclude>
    <ClInclude Include="include\raia_al.h">
      <Filter>ソース ファイル</Filter>
    </ClInclude>
    <ClInclude Include="include\raia_duktape.h">
      <Filter>ソース ファイル</Filter>
    </ClInclude>
    <ClInclude Include="include\raia_gl.h">
      <Filter>ソース ファイル</Filter>
    </ClInclude>
    <ClInclude Include="include\raia-engine.h">
      <Filter>ソース ファイル</Filter>
    </ClInclude>
    <ClInclude Include="include\static_header.h">
      <Filter>ソース ファイル</Filter>
    </ClInclude>
    <ClInclude Include="include\static_pixel_data.h">
      <Filter>ソース ファイル</Filter>
    </ClInclude>
    <ClInclude Include="include\static_window.h">
      <Filter>ソース ファイル</Filter>
    </ClInclude>
    <ClInclude Include="include\util_io.h">
      <Filter>ソース ファイル</Filter>
    </ClInclude>
    <ClInclude Include="include\util_math.h">
      <Filter>ソース ファイル</Filter>
    </ClInclude>
    <ClInclude Include="include\util_pixel.h">
      <Filter>ソース ファイル</Filter>
    </ClInclude>
    <ClInclude Include="include\util_string.h">
      <Filter>ソース ファイル</Filter>
    </ClInclude>
    <ClInclude Include="include\wrapper_duktape.h">
      <Filter>ソース ファイル</Filter>
    </ClInclude>
    <ClInclude Include="include\wrapper_glfw.h">
      <Filter>ソース ファイル</Filter>
    </ClInclude>
    <ClInclude Include="include\wrapper_stb_image.h">
      <Filter>ソース ファイル</Filter>
    </ClInclude>
    <ClInclude Include="include\stb\stb.h">
      <Filter>ソース ファイル</Filter>
    </ClInclude>
    <ClInclude Include="include\stb\stb_image.h">
      <Filter>ソース ファイル</Filter>
    </ClInclude>
    <ClInclude Include="include\stb\stb_image_resize.h">
      <Filter>ソース ファイル</Filter>
    </ClInclude>
    <ClInclude Include="include\stb\stb_image_write.h">
      <Filter>ソース ファイル</Filter>
    </ClInclude>
  </ItemGroup>
  <ItemGroup>
    <None Include="startup.js">
      <Filter>リソース ファイル</Filter>
    </None>
  </ItemGroup>
</Project>