
Microsoft Visual Studio Solution File, Format Version 12.00
# Visual Studio Version 17
VisualStudioVersion = 17.4.33205.214
MinimumVisualStudioVersion = 10.0.40219.1
Project("{8BC9CEB8-8B4A-11D0-8D11-00A0C91BC942}") = "raia_file", "raia_file\raia_file.vcxproj", "{456D9104-461D-4CF6-B608-1C8235CBCAF2}"
EndProject
Global
	GlobalSection(SolutionConfigurationPlatforms) = preSolution
		Debug|x64 = Debug|x64
		Debug|x86 = Debug|x86
		Release|x64 = Release|x64
		Release|x86 = Release|x86
	EndGlobalSection
	GlobalSection(ProjectConfigurationPlatforms) = postSolution
		{456D9104-461D-4CF6-B608-1C8235CBCAF2}.Debug|x64.ActiveCfg = Debug|x64
		{456D9104-461D-4CF6-B608-1C8235CBCAF2}.Debug|x64.Build.0 = Debug|x64
		{456D9104-461D-4CF6-B608-1C8235CBCAF2}.Debug|x86.ActiveCfg = Debug|Win32
		{456D9104-461D-4CF6-B608-1C8235CBCAF2}.Debug|x86.Build.0 = Debug|Win32
		{456D9104-461D-4CF6-B608-1C8235CBCAF2}.Release|x64.ActiveCfg = Release|x64
		{456D9104-461D-4CF6-B608-1C8235CBCAF2}.Release|x64.Build.0 = Release|x64
		{456D9104-461D-4CF6-B608-1C8235CBCAF2}.Release|x86.ActiveCfg = Release|Win32
		{456D9104-461D-4CF6-B608-1C8235CBCAF2}.Release|x86.Build.0 = Release|Win32
	EndGlobalSection
	GlobalSection(SolutionProperties) = preSolution
		HideSolutionNode = FALSE
	EndGlobalSection
	GlobalSection(ExtensibilityGlobals) = postSolution
		SolutionGuid = {D3015018-8D83-4F42-9034-4420B947D992}
	EndGlobalSection
EndGlobal
